
Microsoft Visual Studio Solution File, Format Version 12.00
# Visual Studio Version 16
VisualStudioVersion = 16.0.29215.179
MinimumVisualStudioVersion = 10.0.40219.1
Project("{9A19103F-16F7-4668-BE54-9A1E7A4F7556}") = "CoreCrud", "CoreCrud\CoreCrud.csproj", "{1F749CAF-788F-40A8-8454-AE704B17C9E2}"
EndProject
Project("{9A19103F-16F7-4668-BE54-9A1E7A4F7556}") = "Module3", "..\Module3\Module3.csproj", "{12738C4B-84B1-44D5-9C2D-4C182D6C4969}"
EndProject
Global
	GlobalSection(SolutionConfigurationPlatforms) = preSolution
		Debug|Any CPU = Debug|Any CPU
		Release|Any CPU = Release|Any CPU
	EndGlobalSection
	GlobalSection(ProjectConfigurationPlatforms) = postSolution
		{1F749CAF-788F-40A8-8454-AE704B17C9E2}.Debug|Any CPU.ActiveCfg = Debug|Any CPU
		{1F749CAF-788F-40A8-8454-AE704B17C9E2}.Debug|Any CPU.Build.0 = Debug|Any CPU
		{1F749CAF-788F-40A8-8454-AE704B17C9E2}.Release|Any CPU.ActiveCfg = Release|Any CPU
		{1F749CAF-788F-40A8-8454-AE704B17C9E2}.Release|Any CPU.Build.0 = Release|Any CPU
		{12738C4B-84B1-44D5-9C2D-4C182D6C4969}.Debug|Any CPU.ActiveCfg = Debug|Any CPU
		{12738C4B-84B1-44D5-9C2D-4C182D6C4969}.Debug|Any CPU.Build.0 = Debug|Any CPU
		{12738C4B-84B1-44D5-9C2D-4C182D6C4969}.Release|Any CPU.ActiveCfg = Release|Any CPU
		{12738C4B-84B1-44D5-9C2D-4C182D6C4969}.Release|Any CPU.Build.0 = Release|Any CPU
	EndGlobalSection
	GlobalSection(SolutionProperties) = preSolution
		HideSolutionNode = FALSE
	EndGlobalSection
	GlobalSection(ExtensibilityGlobals) = postSolution
		SolutionGuid = {515F3C97-71F2-4673-BF6C-2BB5840593CF}
	EndGlobalSection
EndGlobal
